Microsoft Visual Studio Solution File, Format Version 12.00
# Visual Studio Version 17
VisualStudioVersion = 17.5.2.0
MinimumVisualStudioVersion = 10.0.40219.1
Project("{2150E333-8FDC-42A3-9474-1A3956D46DE8}") = "all_spice", "all_spice", "{D0A2D740-D3BA-8F4B-DA6E-4811816A336C}"
EndProject
Project("{FAE04EC0-301F-11D3-BF4B-00C04F79EFBC}") = "all_spice", "all_spice.csproj", "{5B486237-12F6-899D-F44D-B265F276A5A8}"
EndProject
Global
	GlobalSection(SolutionConfigurationPlatforms) = preSolution
		Debug|Any CPU = Debug|Any CPU
		Release|Any CPU = Release|Any CPU
	EndGlobalSection
	GlobalSection(ProjectConfigurationPlatforms) = postSolution
		{5B486237-12F6-899D-F44D-B265F276A5A8}.Debug|Any CPU.ActiveCfg = Debug|Any CPU
		{5B486237-12F6-899D-F44D-B265F276A5A8}.Debug|Any CPU.Build.0 = Debug|Any CPU
		{5B486237-12F6-899D-F44D-B265F276A5A8}.Release|Any CPU.ActiveCfg = Release|Any CPU
		{5B486237-12F6-899D-F44D-B265F276A5A8}.Release|Any CPU.Build.0 = Release|Any CPU
	EndGlobalSection
	GlobalSection(SolutionProperties) = preSolution
		HideSolutionNode = FALSE
	EndGlobalSection
	GlobalSection(NestedProjects) = preSolution
		{5B486237-12F6-899D-F44D-B265F276A5A8} = {D0A2D740-D3BA-8F4B-DA6E-4811816A336C}
	EndGlobalSection
	GlobalSection(ExtensibilityGlobals) = postSolution
		SolutionGuid = {191367AF-4635-4A31-9979-3237E2AD9734}
	EndGlobalSection
EndGlobal
